# This file is automatically @generated by Cargo.
# It is not intended for manual editing.
version = 4

[[package]]
name = "bytecount"
version = "0.6.9"
source = "registry+https://github.com/rust-lang/crates.io-index"
checksum = "175812e0be2bccb6abe50bb8d566126198344f707e304f45c648fd8f2cc0365e"

[[package]]
name = "day1"
version = "0.1.0"
dependencies = [
 "nom",
]

[[package]]
name = "day2"
version = "0.1.0"
dependencies = [
 "itertools",
 "nom",
]

[[package]]
name = "day3"
version = "0.1.0"
dependencies = [
 "nom",
]

[[package]]
name = "day4"
version = "0.1.0"
dependencies = [
 "glam",
 "nom",
 "nom_locate",
]

[[package]]
name = "either"
version = "1.15.0"
source = "registry+https://github.com/rust-lang/crates.io-index"
checksum = "48c757948c5ede0e46177b7add2e67155f70e33c07fea8284df6576da70b3719"

[[package]]
name = "glam"
version = "0.29.3"
source = "registry+https://github.com/rust-lang/crates.io-index"
checksum = "8babf46d4c1c9d92deac9f7be466f76dfc4482b6452fc5024b5e8daf6ffeb3ee"

[[package]]
name = "itertools"
version = "0.13.0"
source = "registry+https://github.com/rust-lang/crates.io-index"
checksum = "413ee7dfc52ee1a4949ceeb7dbc8a33f2d6c088194d9f922fb8318faf1f01186"
dependencies = [
 "either",
]

[[package]]
name = "memchr"
version = "2.7.6"
source = "registry+https://github.com/rust-lang/crates.io-index"
checksum = "f52b00d39961fc5b2736ea853c9cc86238e165017a493d1d5c8eac6bdc4cc273"

[[package]]
name = "minimal-lexical"
version = "0.2.1"
source = "registry+https://github.com/rust-lang/crates.io-index"
checksum = "68354c5c6bd36d73ff3feceb05efa59b6acb7626617f4962be322a825e61f79a"

[[package]]
name = "nom"
version = "7.1.3"
source = "registry+https://github.com/rust-lang/crates.io-index"
checksum = "d273983c5a657a70a3e8f2a01329822f3b8c8172b73826411a55751e404a0a4a"
dependencies = [
 "memchr",
 "minimal-lexical",
]

[[package]]
name = "nom_locate"
version = "4.2.0"
source = "registry+https://github.com/rust-lang/crates.io-index"
checksum = "1e3c83c053b0713da60c5b8de47fe8e494fe3ece5267b2f23090a07a053ba8f3"
dependencies = [
 "bytecount",
 "memchr",
 "nom",
]
